
Microsoft Visual Studio Solution File, Format Version 12.00
# Visual Studio Version 17
VisualStudioVersion = 17.6.33815.320
MinimumVisualStudioVersion = 10.0.40219.1
Project("{9A19103F-16F7-4668-BE54-9A1E7A4F7556}") = "FlipperHelper", "FlipperHelper.csproj", "{889338A7-731E-4123-A1ED-ED0B28805B24}"
EndProject
Global
	GlobalSection(SolutionConfigurationPlatforms) = preSolution
		Debug|Any CPU = Debug|Any CPU
		Release|Any CPU = Release|Any CPU
	EndGlobalSection
	GlobalSection(ProjectConfigurationPlatforms) = postSolution
		{889338A7-731E-4123-A1ED-ED0B28805B24}.Debug|Any CPU.ActiveCfg = Debug|Any CPU
		{889338A7-731E-4123-A1ED-ED0B28805B24}.Debug|Any CPU.Build.0 = Debug|Any CPU
		{889338A7-731E-4123-A1ED-ED0B28805B24}.Release|Any CPU.ActiveCfg = Release|Any CPU
		{889338A7-731E-4123-A1ED-ED0B28805B24}.Release|Any CPU.Build.0 = Release|Any CPU
	EndGlobalSection
	GlobalSection(SolutionProperties) = preSolution
		HideSolutionNode = FALSE
	EndGlobalSection
	GlobalSection(ExtensibilityGlobals) = postSolution
		SolutionGuid = {8FAE37BC-F561-4A64-931B-EB7B5C5C2F4E}
	EndGlobalSection
EndGlobal
